{
  "version": "5",
  "remote": {
    "https://edge.netlify.com/": "fd941d61d88673d5f28aab283fb86fcc50f08a3bc80ee5470498fcfa88c65cfb",
    "https://edge.netlify.com/bootstrap/config.ts": "6a2ce0e544e15e8f8883a5c18da5948e37fd0f2619f68cb31f3af53c51817025",
    "https://edge.netlify.com/bootstrap/context.ts": "e97240232121e2f369f6546ce961490f34d961ea1ea54be3ff09633e3f08373f",
    "https://edge.netlify.com/bootstrap/cookie.ts": "8b0baae708989ca183c6f3b4ab3d029e6abcbc2e43f93edeb0ff447b3bbc3a05",
    "https://edge.netlify.com/bootstrap/edge_function.ts": "b8253e86aa83c67341f5cfedeba5049d77fbf84dcab7eceff7566b7728ae9b39",
    "https://edge.netlify.com/bootstrap/globals/types.ts": "eaa6148ded3121d8dee62dd91c86e7fe76601df0f3ca8d7962243a30f4c8935f"
  },
  "workspace": {
    "packageJson": {
      "dependencies": [
        "npm:@clerk/backend@^3.16.12",
        "npm:@clerk/tanstack-react-start@^1.5.8",
        "npm:@clerk/themes@^2.4.57",
        "npm:@convex-dev/eslint-plugin@2",
        "npm:@convex-dev/react-query@0.1",
        "npm:@dnd-kit/core@^6.3.1",
        "npm:@dnd-kit/sortable@10",
        "npm:@dnd-kit/utilities@^3.2.2",
        "npm:@edge-runtime/vm@5",
        "npm:@netlify/vite-plugin-tanstack-start@^1.3.19",
        "npm:@playwright/test@^1.61.1",
        "npm:@tailwindcss/vite@^4.2.2",
        "npm:@tanstack/eslint-config@0.4",
        "npm:@tanstack/react-form@^1.33.5",
        "npm:@tanstack/react-query@^5.99.0",
        "npm:@tanstack/react-router-with-query@^1.130.17",
        "npm:@tanstack/react-router@^1.168.22",
        "npm:@tanstack/react-start@^1.167.41",
        "npm:@tanstack/react-table@^9.1.2",
        "npm:@types/node@^26.0.1",
        "npm:@types/react-dom@^19.2.3",
        "npm:@types/react@^19.2.14",
        "npm:@vitejs/plugin-react@^6.0.2",
        "npm:class-variance-authority@~0.7.1",
        "npm:clsx@^2.1.1",
        "npm:convex-test@^0.0.54",
        "npm:convex@^1.36.1",
        "npm:lucide-react@^1.23.0",
        "npm:prettier@^3.8.3",
        "npm:radix-ui@^1.6.1",
        "npm:react-dom@^19.2.5",
        "npm:react@^19.2.5",
        "npm:tailwind-merge@^3.6.0",
        "npm:tailwindcss@^4.2.2",
        "npm:tw-animate-css@^1.4.0",
        "npm:typescript@^6.0.3",
        "npm:vite-tsconfig-paths@^6.1.1",
        "npm:vite@^8.0.9",
        "npm:vitest@^4.1.9",
        "npm:zod@^4.4.3"
      ]
    }
  }
}
